
Microsoft Visual Studio Solution File, Format Version 12.00
# Visual Studio Version 17
VisualStudioVersion = 17.0.32014.148
MinimumVisualStudioVersion = 10.0.40219.1
Project("{FAE04EC0-301F-11D3-BF4B-00C04F79EFBC}") = "IOCA2Act3", "IOCA2Act3\IOCA2Act3.csproj", "{D8A04E98-DA62-408C-86D2-7C0853AF2EE0}"
EndProject
Global
	GlobalSection(SolutionConfigurationPlatforms) = preSolution
		Debug|Any CPU = Debug|Any CPU
		Release|Any CPU = Release|Any CPU
	EndGlobalSection
	GlobalSection(ProjectConfigurationPlatforms) = postSolution
		{D8A04E98-DA62-408C-86D2-7C0853AF2EE0}.Debug|Any CPU.ActiveCfg = Debug|Any CPU
		{D8A04E98-DA62-408C-86D2-7C0853AF2EE0}.Debug|Any CPU.Build.0 = Debug|Any CPU
		{D8A04E98-DA62-408C-86D2-7C0853AF2EE0}.Release|Any CPU.ActiveCfg = Release|Any CPU
		{D8A04E98-DA62-408C-86D2-7C0853AF2EE0}.Release|Any CPU.Build.0 = Release|Any CPU
	EndGlobalSection
	GlobalSection(SolutionProperties) = preSolution
		HideSolutionNode = FALSE
	EndGlobalSection
	GlobalSection(ExtensibilityGlobals) = postSolution
		SolutionGuid = {F3E27F04-B4FF-4325-B406-255C2D0D6847}
	EndGlobalSection
EndGlobal
